
Microsoft Visual Studio Solution File, Format Version 12.00
# Visual Studio Version 16
VisualStudioVersion = 16.0.29025.244
MinimumVisualStudioVersion = 10.0.40219.1
Project("{FAE04EC0-301F-11D3-BF4B-00C04F79EFBC}") = "QuizConsoleApp", "QuizConsoleApp\QuizConsoleApp.csproj", "{39D30730-4FA0-4B7B-AB74-EA55D2D605F9}"
EndProject
Project("{FAE04EC0-301F-11D3-BF4B-00C04F79EFBC}") = "UnitTest", "UnitTest\UnitTest.csproj", "{F29018CC-793A-4EB3-9432-34FDC2C48B1B}"
EndProject
Project("{FAE04EC0-301F-11D3-BF4B-00C04F79EFBC}") = "Question2WebApplication", "Question2WebApplication\Question2WebApplication.csproj", "{1D69C3D4-010D-4896-A679-669C0166CDEE}"
EndProject
Global
	GlobalSection(SolutionConfigurationPlatforms) = preSolution
		Debug|Any CPU = Debug|Any CPU
		Release|Any CPU = Release|Any CPU
	EndGlobalSection
	GlobalSection(ProjectConfigurationPlatforms) = postSolution
		{39D30730-4FA0-4B7B-AB74-EA55D2D605F9}.Debug|Any CPU.ActiveCfg = Debug|Any CPU
		{39D30730-4FA0-4B7B-AB74-EA55D2D605F9}.Debug|Any CPU.Build.0 = Debug|Any CPU
		{39D30730-4FA0-4B7B-AB74-EA55D2D605F9}.Release|Any CPU.ActiveCfg = Release|Any CPU
		{39D30730-4FA0-4B7B-AB74-EA55D2D605F9}.Release|Any CPU.Build.0 = Release|Any CPU
		{F29018CC-793A-4EB3-9432-34FDC2C48B1B}.Debug|Any CPU.ActiveCfg = Debug|Any CPU
		{F29018CC-793A-4EB3-9432-34FDC2C48B1B}.Debug|Any CPU.Build.0 = Debug|Any CPU
		{F29018CC-793A-4EB3-9432-34FDC2C48B1B}.Release|Any CPU.ActiveCfg = Release|Any CPU
		{F29018CC-793A-4EB3-9432-34FDC2C48B1B}.Release|Any CPU.Build.0 = Release|Any CPU
		{1D69C3D4-010D-4896-A679-669C0166CDEE}.Debug|Any CPU.ActiveCfg = Debug|Any CPU
		{1D69C3D4-010D-4896-A679-669C0166CDEE}.Debug|Any CPU.Build.0 = Debug|Any CPU
		{1D69C3D4-010D-4896-A679-669C0166CDEE}.Release|Any CPU.ActiveCfg = Release|Any CPU
		{1D69C3D4-010D-4896-A679-669C0166CDEE}.Release|Any CPU.Build.0 = Release|Any CPU
	EndGlobalSection
	GlobalSection(SolutionProperties) = preSolution
		HideSolutionNode = FALSE
	EndGlobalSection
	GlobalSection(ExtensibilityGlobals) = postSolution
		SolutionGuid = {C50C16E5-B465-487A-BF8B-F4B78910EBF7}
	EndGlobalSection
EndGlobal
